
Microsoft Visual Studio Solution File, Format Version 12.00
# Visual Studio Version 17
VisualStudioVersion = 17.14.36915.13 d17.14
MinimumVisualStudioVersion = 10.0.40219.1
Project("{FAE04EC0-301F-11D3-BF4B-00C04F79EFBC}") = "AdvancedC#01", "AdvancedC#01\AdvancedC#01.csproj", "{3C29AABD-D47B-417D-9EDE-EEEEB249F788}"
EndProject
Global
	GlobalSection(SolutionConfigurationPlatforms) = preSolution
		Debug|Any CPU = Debug|Any CPU
		Release|Any CPU = Release|Any CPU
	EndGlobalSection
	GlobalSection(ProjectConfigurationPlatforms) = postSolution
		{3C29AABD-D47B-417D-9EDE-EEEEB249F788}.Debug|Any CPU.ActiveCfg = Debug|Any CPU
		{3C29AABD-D47B-417D-9EDE-EEEEB249F788}.Debug|Any CPU.Build.0 = Debug|Any CPU
		{3C29AABD-D47B-417D-9EDE-EEEEB249F788}.Release|Any CPU.ActiveCfg = Release|Any CPU
		{3C29AABD-D47B-417D-9EDE-EEEEB249F788}.Release|Any CPU.Build.0 = Release|Any CPU
	EndGlobalSection
	GlobalSection(SolutionProperties) = preSolution
		HideSolutionNode = FALSE
	EndGlobalSection
	GlobalSection(ExtensibilityGlobals) = postSolution
		SolutionGuid = {C911DC2F-749F-4B03-B073-D46E644BE5D6}
	EndGlobalSection
EndGlobal
